// !$*UTF8*$!
{
	archiveVersion = 1;
	classes = {
	};
	objectVersion = 46;
	objects = {

/* Begin PBXBuildFile section */
		C9286B161D286D9D00F08C35 /* main.m in Sources */ = {isa = PBXBuildFile; fileRef = C9286B151D286D9D00F08C35 /* main.m */; };
		C9286B191D286D9D00F08C35 /* AppDelegate.m in Sources */ = {isa = PBXBuildFile; fileRef = C9286B181D286D9D00F08C35 /* AppDelegate.m */; };
		C9286B1C1D286D9D00F08C35 /* ViewController.m in Sources */ = {isa = PBXBuildFile; fileRef = C9286B1B1D286D9D00F08C35 /* ViewController.m */; };
		C9286B1F1D286D9D00F08C35 /* Main.storyboard in Resources */ = {isa = PBXBuildFile; fileRef = C9286B1D1D286D9D00F08C35 /* Main.storyboard */; };
		C9286B211D286D9D00F08C35 /* Assets.xcassets in Resources */ = {isa = PBXBuildFile; fileRef = C9286B201D286D9D00F08C35 /* Assets.xcassets */; };
		C9286B241D286D9D00F08C35 /* LaunchScreen.storyboard in Resources */ = {isa = PBXBuildFile; fileRef = C9286B221D286D9D00F08C35 /* LaunchScreen.storyboard */; };
		C9286B331D2890AE00F08C35 /* PlanetListTableViewController.m in Sources */ = {isa = PBXBuildFile; fileRef = C9286B321D2890AE00F08C35 /* PlanetListTableViewController.m */; };
		C9286B361D28915100F08C35 /* Planet.m in Sources */ = {isa = PBXBuildFile; fileRef = C9286B351D28915100F08C35 /* Planet.m */; };
		C9286B3A1D28926200F08C35 /* Mars.m in Sources */ = {isa = PBXBuildFile; fileRef = C9286B391D28926200F08C35 /* Mars.m */; };
		C9286B3D1D28945A00F08C35 /* Earth.m in Sources */ = {isa = PBXBuildFile; fileRef = C9286B3C1D28945A00F08C35 /* Earth.m */; };
		C9286B401D28950800F08C35 /* Jupiter.m in Sources */ = {isa = PBXBuildFile; fileRef = C9286B3F1D28950800F08C35 /* Jupiter.m */; };
		C9286B431D28997300F08C35 /* PlanetInformationViewController.m in Sources */ = {isa = PBXBuildFile; fileRef = C9286B421D28997300F08C35 /* PlanetInformationViewController.m */; };
		C9286B461D28F61600F08C35 /* Mercury.m in Sources */ = {isa = PBXBuildFile; fileRef = C9286B451D28F61600F08C35 /* Mercury.m */; };
		C9286B491D28F70300F08C35 /* Venus.m in Sources */ = {isa = PBXBuildFile; fileRef = C9286B481D28F70300F08C35 /* Venus.m */; };
		C9286B4D1D28F8B000F08C35 /* Saturn.m in Sources */ = {isa = PBXBuildFile; fileRef = C9286B4C1D28F8B000F08C35 /* Saturn.m */; };
		C9286B501D28FDD700F08C35 /* Uranus.m in Sources */ = {isa = PBXBuildFile; fileRef = C9286B4F1D28FDD700F08C35 /* Uranus.m */; };
		C9286B531D28FF3500F08C35 /* Neptune.m in Sources */ = {isa = PBXBuildFile; fileRef = C9286B521D28FF3500F08C35 /* Neptune.m */; };
		C9C6059B1D29DE0C000A57FC /* FavoritesTableViewController.m in Sources */ = {isa = PBXBuildFile; fileRef = C9C6059A1D29DE0C000A57FC /* FavoritesTableViewController.m */; };
		C9C6059E1D29DECA000A57FC /* FavoritesTableViewCell.m in Sources */ = {isa = PBXBuildFile; fileRef = C9C6059D1D29DECA000A57FC /* FavoritesTableViewCell.m */; };
/* End PBXBuildFile section */

/* Begin PBXFileReference section */
		C9286B111D286D9D00F08C35 /* iPlanets.app */ = {isa = PBXFileReference; explicitFileType = wrapper.application; includeInIndex = 0; path = iPlanets.app; sourceTree = BUILT_PRODUCTS_DIR; };
		C9286B151D286D9D00F08C35 /* main.m */ = {isa = PBXFileReference; lastKnownFileType = sourcecode.c.objc; path = main.m; sourceTree = "<group>"; };
		C9286B171D286D9D00F08C35 /* AppDelegate.h */ = {isa = PBXFileReference; lastKnownFileType = sourcecode.c.h; path = AppDelegate.h; sourceTree = "<group>"; };
		C9286B181D286D9D00F08C35 /* AppDelegate.m */ = {isa = PBXFileReference; lastKnownFileType = sourcecode.c.objc; path = AppDelegate.m; sourceTree = "<group>"; };
		C9286B1A1D286D9D00F08C35 /* ViewController.h */ = {isa = PBXFileReference; lastKnownFileType = sourcecode.c.h; path = ViewController.h; sourceTree = "<group>"; };
		C9286B1B1D286D9D00F08C35 /* ViewController.m */ = {isa = PBXFileReference; lastKnownFileType = sourcecode.c.objc; path = ViewController.m; sourceTree = "<group>"; };
		C9286B1E1D286D9D00F08C35 /* Base */ = {isa = PBXFileReference; lastKnownFileType = file.storyboard; name = Base; path = Base.lproj/Main.storyboard; sourceTree = "<group>"; };
		C9286B201D286D9D00F08C35 /* Assets.xcassets */ = {isa = PBXFileReference; lastKnownFileType = folder.assetcatalog; path = Assets.xcassets; sourceTree = "<group>"; };
		C9286B231D286D9D00F08C35 /* Base */ = {isa = PBXFileReference; lastKnownFileType = file.storyboard; name = Base; path = Base.lproj/LaunchScreen.storyboard; sourceTree = "<group>"; };
		C9286B251D286D9D00F08C35 /* Info.plist */ = {isa = PBXFileReference; lastKnownFileType = text.plist.xml; path = Info.plist; sourceTree = "<group>"; };
		C9286B311D2890AE00F08C35 /* PlanetListTableViewController.h */ = {isa = PBXFileReference; fileEncoding = 4; lastKnownFileType = sourcecode.c.h; path = PlanetListTableViewController.h; sourceTree = "<group>"; };
		C9286B321D2890AE00F08C35 /* PlanetListTableViewController.m */ = {isa = PBXFileReference; fileEncoding = 4; lastKnownFileType = sourcecode.c.objc; path = PlanetListTableViewController.m; sourceTree = "<group>"; };
		C9286B341D28915100F08C35 /* Planet.h */ = {isa = PBXFileReference; fileEncoding = 4; lastKnownFileType = sourcecode.c.h; path = Planet.h; sourceTree = "<group>"; };
		C9286B351D28915100F08C35 /* Planet.m */ = {isa = PBXFileReference; fileEncoding = 4; lastKnownFileType = sourcecode.c.objc; path = Planet.m; sourceTree = "<group>"; };
		C9286B381D28926200F08C35 /* Mars.h */ = {isa = PBXFileReference; fileEncoding = 4; lastKnownFileType = sourcecode.c.h; path = Mars.h; sourceTree = "<group>"; };
		C9286B391D28926200F08C35 /* Mars.m */ = {isa = PBXFileReference; fileEncoding = 4; lastKnownFileType = sourcecode.c.objc; path = Mars.m; sourceTree = "<group>"; };
		C9286B3B1D28945A00F08C35 /* Earth.h */ = {isa = PBXFileReference; fileEncoding = 4; lastKnownFileType = sourcecode.c.h; path = Earth.h; sourceTree = "<group>"; };
		C9286B3C1D28945A00F08C35 /* Earth.m */ = {isa = PBXFileReference; fileEncoding = 4; lastKnownFileType = sourcecode.c.objc; path = Earth.m; sourceTree = "<group>"; };
		C9286B3E1D28950800F08C35 /* Jupiter.h */ = {isa = PBXFileReference; fileEncoding = 4; lastKnownFileType = sourcecode.c.h; path = Jupiter.h; sourceTree = "<group>"; };
		C9286B3F1D28950800F08C35 /* Jupiter.m */ = {isa = PBXFileReference; fileEncoding = 4; lastKnownFileType = sourcecode.c.objc; path = Jupiter.m; sourceTree = "<group>"; };
		C9286B411D28997300F08C35 /* PlanetInformationViewController.h */ = {isa = PBXFileReference; fileEncoding = 4; lastKnownFileType = sourcecode.c.h; path = PlanetInformationViewController.h; sourceTree = "<group>"; };
		C9286B421D28997300F08C35 /* PlanetInformationViewController.m */ = {isa = PBXFileReference; fileEncoding = 4; lastKnownFileType = sourcecode.c.objc; path = PlanetInformationViewController.m; sourceTree = "<group>"; };
		C9286B441D28F61600F08C35 /* Mercury.h */ = {isa = PBXFileReference; fileEncoding = 4; lastKnownFileType = sourcecode.c.h; path = Mercury.h; sourceTree = "<group>"; };
		C9286B451D28F61600F08C35 /* Mercury.m */ = {isa = PBXFileReference; fileEncoding = 4; lastKnownFileType = sourcecode.c.objc; path = Mercury.m; sourceTree = "<group>"; };
		C9286B471D28F70300F08C35 /* Venus.h */ = {isa = PBXFileReference; fileEncoding = 4; lastKnownFileType = sourcecode.c.h; path = Venus.h; sourceTree = "<group>"; };
		C9286B481D28F70300F08C35 /* Venus.m */ = {isa = PBXFileReference; fileEncoding = 4; lastKnownFileType = sourcecode.c.objc; path = Venus.m; sourceTree = "<group>"; };
		C9286B4B1D28F8B000F08C35 /* Saturn.h */ = {isa = PBXFileReference; fileEncoding = 4; lastKnownFileType = sourcecode.c.h; path = Saturn.h; sourceTree = "<group>"; };
		C9286B4C1D28F8B000F08C35 /* Saturn.m */ = {isa = PBXFileReference; fileEncoding = 4; lastKnownFileType = sourcecode.c.objc; path = Saturn.m; sourceTree = "<group>"; };
		C9286B4E1D28FDD700F08C35 /* Uranus.h */ = {isa = PBXFileReference; fileEncoding = 4; lastKnownFileType = sourcecode.c.h; name = Uranus.h; path = ../Uranus.h; sourceTree = "<group>"; };
		C9286B4F1D28FDD700F08C35 /* Uranus.m */ = {isa = PBXFileReference; fileEncoding = 4; lastKnownFileType = sourcecode.c.objc; name = Uranus.m; path = ../Uranus.m; sourceTree = "<group>"; };
		C9286B511D28FF3500F08C35 /* Neptune.h */ = {isa = PBXFileReference; fileEncoding = 4; lastKnownFileType = sourcecode.c.h; path = Neptune.h; sourceTree = "<group>"; };
		C9286B521D28FF3500F08C35 /* Neptune.m */ = {isa = PBXFileReference; fileEncoding = 4; lastKnownFileType = sourcecode.c.objc; path = Neptune.m; sourceTree = "<group>"; };
		C9C605991D29DE0C000A57FC /* FavoritesTableViewController.h */ = {isa = PBXFileReference; fileEncoding = 4; lastKnownFileType = sourcecode.c.h; path = FavoritesTableViewController.h; sourceTree = "<group>"; };
		C9C6059A1D29DE0C000A57FC /* FavoritesTableViewController.m */ = {isa = PBXFileReference; fileEncoding = 4; lastKnownFileType = sourcecode.c.objc; path = FavoritesTableViewController.m; sourceTree = "<group>"; };
		C9C6059C1D29DECA000A57FC /* FavoritesTableViewCell.h */ = {isa = PBXFileReference; fileEncoding = 4; lastKnownFileType = sourcecode.c.h; path = FavoritesTableViewCell.h; sourceTree = "<group>"; };
		C9C6059D1D29DECA000A57FC /* FavoritesTableViewCell.m */ = {isa = PBXFileReference; fileEncoding = 4; lastKnownFileType = sourcecode.c.objc; path = FavoritesTableViewCell.m; sourceTree = "<group>"; };
/* End PBXFileReference section */

/* Begin PBXFrameworksBuildPhase section */
		C9286B0E1D286D9D00F08C35 /* Frameworks */ = {
			isa = PBXFrameworksBuildPhase;
			buildActionMask = 2147483647;
			files = (
			);
			runOnlyForDeploymentPostprocessing = 0;
		};
/* End PBXFrameworksBuildPhase section */

/* Begin PBXGroup section */
		C9286B081D286D9D00F08C35 = {
			isa = PBXGroup;
			children = (
				C9286B131D286D9D00F08C35 /* TableViewProtocolsDelegates */,
				C9286B121D286D9D00F08C35 /* Products */,
			);
			sourceTree = "<group>";
		};
		C9286B121D286D9D00F08C35 /* Products */ = {
			isa = PBXGroup;
			children = (
				C9286B111D286D9D00F08C35 /* iPlanets.app */,
			);
			name = Products;
			sourceTree = "<group>";
		};
		C9286B131D286D9D00F08C35 /* TableViewProtocolsDelegates */ = {
			isa = PBXGroup;
			children = (
				C9C605921D29CF4F000A57FC /* Other Files */,
				C9C605911D29CF18000A57FC /* Active View Controllers */,
				C9286B1D1D286D9D00F08C35 /* Main.storyboard */,
				C9286B201D286D9D00F08C35 /* Assets.xcassets */,
				C9286B371D28923200F08C35 /* Planets */,
				C9286B141D286D9D00F08C35 /* Supporting Files */,
			);
			path = TableViewProtocolsDelegates;
			sourceTree = "<group>";
		};
		C9286B141D286D9D00F08C35 /* Supporting Files */ = {
			isa = PBXGroup;
			children = (
				C9286B151D286D9D00F08C35 /* main.m */,
			);
			name = "Supporting Files";
			sourceTree = "<group>";
		};
		C9286B371D28923200F08C35 /* Planets */ = {
			isa = PBXGroup;
			children = (
				C9286B341D28915100F08C35 /* Planet.h */,
				C9286B351D28915100F08C35 /* Planet.m */,
				C9286B511D28FF3500F08C35 /* Neptune.h */,
				C9286B521D28FF3500F08C35 /* Neptune.m */,
				C9286B381D28926200F08C35 /* Mars.h */,
				C9286B391D28926200F08C35 /* Mars.m */,
				C9286B3B1D28945A00F08C35 /* Earth.h */,
				C9286B3C1D28945A00F08C35 /* Earth.m */,
				C9286B3E1D28950800F08C35 /* Jupiter.h */,
				C9286B3F1D28950800F08C35 /* Jupiter.m */,
				C9286B441D28F61600F08C35 /* Mercury.h */,
				C9286B451D28F61600F08C35 /* Mercury.m */,
				C9286B471D28F70300F08C35 /* Venus.h */,
				C9286B481D28F70300F08C35 /* Venus.m */,
				C9286B4B1D28F8B000F08C35 /* Saturn.h */,
				C9286B4C1D28F8B000F08C35 /* Saturn.m */,
				C9286B4E1D28FDD700F08C35 /* Uranus.h */,
				C9286B4F1D28FDD700F08C35 /* Uranus.m */,
			);
			name = Planets;
			sourceTree = "<group>";
		};
		C9C605911D29CF18000A57FC /* Active View Controllers */ = {
			isa = PBXGroup;
			children = (
				C9286B311D2890AE00F08C35 /* PlanetListTableViewController.h */,
				C9286B321D2890AE00F08C35 /* PlanetListTableViewController.m */,
				C9286B411D28997300F08C35 /* PlanetInformationViewController.h */,
				C9286B421D28997300F08C35 /* PlanetInformationViewController.m */,
				C9C605991D29DE0C000A57FC /* FavoritesTableViewController.h */,
				C9C6059A1D29DE0C000A57FC /* FavoritesTableViewController.m */,
			);
			name = "Active View Controllers";
			sourceTree = "<group>";
		};
		C9C605921D29CF4F000A57FC /* Other Files */ = {
			isa = PBXGroup;
			children = (
				C9C6059C1D29DECA000A57FC /* FavoritesTableViewCell.h */,
				C9C6059D1D29DECA000A57FC /* FavoritesTableViewCell.m */,
				C9286B221D286D9D00F08C35 /* LaunchScreen.storyboard */,
				C9286B251D286D9D00F08C35 /* Info.plist */,
				C9286B171D286D9D00F08C35 /* AppDelegate.h */,
				C9286B181D286D9D00F08C35 /* AppDelegate.m */,
				C9286B1A1D286D9D00F08C35 /* ViewController.h */,
				C9286B1B1D286D9D00F08C35 /* ViewController.m */,
			);
			name = "Other Files";
			sourceTree = "<group>";
		};
/* End PBXGroup section */

/* Begin PBXNativeTarget section */
		C9286B101D286D9D00F08C35 /* TableViewProtocolsDelegates */ = {
			isa = PBXNativeTarget;
			buildConfigurationList = C9286B281D286D9D00F08C35 /* Build configuration list for PBXNativeTarget "TableViewProtocolsDelegates" */;
			buildPhases = (
				C9286B0D1D286D9D00F08C35 /* Sources */,
				C9286B0E1D286D9D00F08C35 /* Frameworks */,
				C9286B0F1D286D9D00F08C35 /* Resources */,
			);
			buildRules = (
			);
			dependencies = (
			);
			name = TableViewProtocolsDelegates;
			productName = TableViewProtocolsDelegates;
			productReference = C9286B111D286D9D00F08C35 /* iPlanets.app */;
			productType = "com.apple.product-type.application";
		};
/* End PBXNativeTarget section */

/* Begin PBXProject section */
		C9286B091D286D9D00F08C35 /* Project object */ = {
			isa = PBXProject;
			attributes = {
				LastUpgradeCheck = 0730;
				ORGANIZATIONNAME = "Matt Milner";
				TargetAttributes = {
					C9286B101D286D9D00F08C35 = {
						CreatedOnToolsVersion = 7.3.1;
					};
				};
			};
			buildConfigurationList = C9286B0C1D286D9D00F08C35 /* Build configuration list for PBXProject "iPlanets" */;
			compatibilityVersion = "Xcode 3.2";
			developmentRegion = English;
			hasScannedForEncodings = 0;
			knownRegions = (
				en,
				Base,
			);
			mainGroup = C9286B081D286D9D00F08C35;
			productRefGroup = C9286B121D286D9D00F08C35 /* Products */;
			projectDirPath = "";
			projectRoot = "";
			targets = (
				C9286B101D286D9D00F08C35 /* TableViewProtocolsDelegates */,
			);
		};
/* End PBXProject section */

/* Begin PBXResourcesBuildPhase section */
		C9286B0F1D286D9D00F08C35 /* Resources */ = {
			isa = PBXResourcesBuildPhase;
			buildActionMask = 2147483647;
			files = (
				C9286B241D286D9D00F08C35 /* LaunchScreen.storyboard in Resources */,
				C9286B211D286D9D00F08C35 /* Assets.xcassets in Resources */,
				C9286B1F1D286D9D00F08C35 /* Main.storyboard in Resources */,
			);
			runOnlyForDeploymentPostprocessing = 0;
		};
/* End PBXResourcesBuildPhase section */

/* Begin PBXSourcesBuildPhase section */
		C9286B0D1D286D9D00F08C35 /* Sources */ = {
			isa = PBXSourcesBuildPhase;
			buildActionMask = 2147483647;
			files = (
				C9286B4D1D28F8B000F08C35 /* Saturn.m in Sources */,
				C9286B531D28FF3500F08C35 /* Neptune.m in Sources */,
				C9C6059E1D29DECA000A57FC /* FavoritesTableViewCell.m in Sources */,
				C9C6059B1D29DE0C000A57FC /* FavoritesTableViewController.m in Sources */,
				C9286B3A1D28926200F08C35 /* Mars.m in Sources */,
				C9286B461D28F61600F08C35 /* Mercury.m in Sources */,
				C9286B361D28915100F08C35 /* Planet.m in Sources */,
				C9286B431D28997300F08C35 /* PlanetInformationViewController.m in Sources */,
				C9286B1C1D286D9D00F08C35 /* ViewController.m in Sources */,
				C9286B501D28FDD700F08C35 /* Uranus.m in Sources */,
				C9286B331D2890AE00F08C35 /* PlanetListTableViewController.m in Sources */,
				C9286B191D286D9D00F08C35 /* AppDelegate.m in Sources */,
				C9286B161D286D9D00F08C35 /* main.m in Sources */,
				C9286B3D1D28945A00F08C35 /* Earth.m in Sources */,
				C9286B401D28950800F08C35 /* Jupiter.m in Sources */,
				C9286B491D28F70300F08C35 /* Venus.m in Sources */,
			);
			runOnlyForDeploymentPostprocessing = 0;
		};
/* End PBXSourcesBuildPhase section */

/* Begin PBXVariantGroup section */
		C9286B1D1D286D9D00F08C35 /* Main.storyboard */ = {
			isa = PBXVariantGroup;
			children = (
				C9286B1E1D286D9D00F08C35 /* Base */,
			);
			name = Main.storyboard;
			sourceTree = "<group>";
		};
		C9286B221D286D9D00F08C35 /* LaunchScreen.storyboard */ = {
			isa = PBXVariantGroup;
			children = (
				C9286B231D286D9D00F08C35 /* Base */,
			);
			name = LaunchScreen.storyboard;
			sourceTree = "<group>";
		};
/* End PBXVariantGroup section */

/* Begin XCBuildConfiguration section */
		C9286B261D286D9D00F08C35 /* Debug */ = {
			isa = XCBuildConfiguration;
			buildSettings = {
				ALWAYS_SEARCH_USER_PATHS = NO;
				CLANG_ANALYZER_NONNULL = YES;
				CLANG_CXX_LANGUAGE_STANDARD = "gnu++0x";
				CLANG_CXX_LIBRARY = "libc++";
				CLANG_ENABLE_MODULES = YES;
				CLANG_ENABLE_OBJC_ARC = YES;
				CLANG_WARN_BOOL_CONVERSION = YES;
				CLANG_WARN_CONSTANT_CONVERSION = YES;
				CLANG_WARN_DIRECT_OBJC_ISA_USAGE = YES_ERROR;
				CLANG_WARN_EMPTY_BODY = YES;
				CLANG_WARN_ENUM_CONVERSION = YES;
				CLANG_WARN_INT_CONVERSION = YES;
				CLANG_WARN_OBJC_ROOT_CLASS = YES_ERROR;
				CLANG_WARN_UNREACHABLE_CODE = YES;
				CLANG_WARN__DUPLICATE_METHOD_MATCH = YES;
				"CODE_SIGN_IDENTITY[sdk=iphoneos*]" = "iPhone Developer";
				COPY_PHASE_STRIP = NO;
				DEBUG_INFORMATION_FORMAT = dwarf;
				ENABLE_STRICT_OBJC_MSGSEND = YES;
				ENABLE_TESTABILITY = YES;
				GCC_C_LANGUAGE_STANDARD = gnu99;
				GCC_DYNAMIC_NO_PIC = NO;
				GCC_NO_COMMON_BLOCKS = YES;
				GCC_OPTIMIZATION_LEVEL = 0;
				GCC_PREPROCESSOR_DEFINITIONS = (
					"DEBUG=1",
					"$(inherited)",
				);
				GCC_WARN_64_TO_32_BIT_CONVERSION = YES;
				GCC_WARN_ABOUT_RETURN_TYPE = YES_ERROR;
				GCC_WARN_UNDECLARED_SELECTOR = YES;
				GCC_WARN_UNINITIALIZED_AUTOS = YES_AGGRESSIVE;
				GCC_WARN_UNUSED_FUNCTION = YES;
				GCC_WARN_UNUSED_VARIABLE = YES;
				IPHONEOS_DEPLOYMENT_TARGET = 9.3;
				MTL_ENABLE_DEBUG_INFO = YES;
				ONLY_ACTIVE_ARCH = YES;
				SDKROOT = iphoneos;
				TARGETED_DEVICE_FAMILY = "1,2";
			};
			name = Debug;
		};
		C9286B271D286D9D00F08C35 /* Release */ = {
			isa = XCBuildConfiguration;
			buildSettings = {
				ALWAYS_SEARCH_USER_PATHS = NO;
				CLANG_ANALYZER_NONNULL = YES;
				CLANG_CXX_LANGUAGE_STANDARD = "gnu++0x";
				CLANG_CXX_LIBRARY = "libc++";
				CLANG_ENABLE_MODULES = YES;
				CLANG_ENABLE_OBJC_ARC = YES;
				CLANG_WARN_BOOL_CONVERSION = YES;
				CLANG_WARN_CONSTANT_CONVERSION = YES;
				CLANG_WARN_DIRECT_OBJC_ISA_USAGE = YES_ERROR;
				CLANG_WARN_EMPTY_BODY = YES;
				CLANG_WARN_ENUM_CONVERSION = YES;
				CLANG_WARN_INT_CONVERSION = YES;
				CLANG_WARN_OBJC_ROOT_CLASS = YES_ERROR;
				CLANG_WARN_UNREACHABLE_CODE = YES;
				CLANG_WARN__DUPLICATE_METHOD_MATCH = YES;
				"CODE_SIGN_IDENTITY[sdk=iphoneos*]" = "iPhone Developer";
				COPY_PHASE_STRIP = NO;
				DEBUG_INFORMATION_FORMAT = "dwarf-with-dsym";
				ENABLE_NS_ASSERTIONS = NO;
				ENABLE_STRICT_OBJC_MSGSEND = YES;
				GCC_C_LANGUAGE_STANDARD = gnu99;
				GCC_NO_COMMON_BLOCKS = YES;
				GCC_WARN_64_TO_32_BIT_CONVERSION = YES;
				GCC_WARN_ABOUT_RETURN_TYPE = YES_ERROR;
				GCC_WARN_UNDECLARED_SELECTOR = YES;
				GCC_WARN_UNINITIALIZED_AUTOS = YES_AGGRESSIVE;
				GCC_WARN_UNUSED_FUNCTION = YES;
				GCC_WARN_UNUSED_VARIABLE = YES;
				IPHONEOS_DEPLOYMENT_TARGET = 9.3;
				MTL_ENABLE_DEBUG_INFO = NO;
				SDKROOT = iphoneos;
				TARGETED_DEVICE_FAMILY = "1,2";
				VALIDATE_PRODUCT = YES;
			};
			name = Release;
		};
		C9286B291D286D9D00F08C35 /* Debug */ = {
			isa = XCBuildConfiguration;
			buildSettings = {
				ASSETCATALOG_COMPILER_APPICON_NAME = AppIcon;
				INFOPLIST_FILE = TableViewProtocolsDelegates/Info.plist;
				LD_RUNPATH_SEARCH_PATHS = "$(inherited) @executable_path/Frameworks";
				PRODUCT_BUNDLE_IDENTIFIER = com.theironyard.houston.TableViewProtocolsDelegates;
				PRODUCT_NAME = iPlanets;
			};
			name = Debug;
		};
		C9286B2A1D286D9D00F08C35 /* Release */ = {
			isa = XCBuildConfiguration;
			buildSettings = {
				ASSETCATALOG_COMPILER_APPICON_NAME = AppIcon;
				INFOPLIST_FILE = TableViewProtocolsDelegates/Info.plist;
				LD_RUNPATH_SEARCH_PATHS = "$(inherited) @executable_path/Frameworks";
				PRODUCT_BUNDLE_IDENTIFIER = com.theironyard.houston.TableViewProtocolsDelegates;
				PRODUCT_NAME = iPlanets;
			};
			name = Release;
		};
/* End XCBuildConfiguration section */

/* Begin XCConfigurationList section */
		C9286B0C1D286D9D00F08C35 /* Build configuration list for PBXProject "iPlanets" */ = {
			isa = XCConfigurationList;
			buildConfigurations = (
				C9286B261D286D9D00F08C35 /* Debug */,
				C9286B271D286D9D00F08C35 /* Release */,
			);
			defaultConfigurationIsVisible = 0;
			defaultConfigurationName = Release;
		};
		C9286B281D286D9D00F08C35 /* Build configuration list for PBXNativeTarget "TableViewProtocolsDelegates" */ = {
			isa = XCConfigurationList;
			buildConfigurations = (
				C9286B291D286D9D00F08C35 /* Debug */,
				C9286B2A1D286D9D00F08C35 /* Release */,
			);
			defaultConfigurationIsVisible = 0;
			defaultConfigurationName = Release;
		};
/* End XCConfigurationList section */
	};
	rootObject = C9286B091D286D9D00F08C35 /* Project object */;
}
